
Microsoft Visual Studio Solution File, Format Version 12.00
# Visual Studio Version 17
VisualStudioVersion = 17.5.33502.453
MinimumVisualStudioVersion = 10.0.40219.1
Project("{FAE04EC0-301F-11D3-BF4B-00C04F79EFBC}") = "EjerciciosPracticos2_RLG", "EjerciciosPracticos2_RLG\EjerciciosPracticos2_RLG.csproj", "{45579C23-D3B7-4EF4-9A55-C8BA21D63D55}"
EndProject
Global
	GlobalSection(SolutionConfigurationPlatforms) = preSolution
		Debug|Any CPU = Debug|Any CPU
		Release|Any CPU = Release|Any CPU
	EndGlobalSection
	GlobalSection(ProjectConfigurationPlatforms) = postSolution
		{45579C23-D3B7-4EF4-9A55-C8BA21D63D55}.Debug|Any CPU.ActiveCfg = Debug|Any CPU
		{45579C23-D3B7-4EF4-9A55-C8BA21D63D55}.Debug|Any CPU.Build.0 = Debug|Any CPU
		{45579C23-D3B7-4EF4-9A55-C8BA21D63D55}.Release|Any CPU.ActiveCfg = Release|Any CPU
		{45579C23-D3B7-4EF4-9A55-C8BA21D63D55}.Release|Any CPU.Build.0 = Release|Any CPU
	EndGlobalSection
	GlobalSection(SolutionProperties) = preSolution
		HideSolutionNode = FALSE
	EndGlobalSection
	GlobalSection(ExtensibilityGlobals) = postSolution
		SolutionGuid = {AFF9F1C4-8658-4EF0-8489-9B240E350BA9}
	EndGlobalSection
EndGlobal
